// !$*UTF8*$!
{
	archiveVersion = 1;
	classes = {
	};
	objectVersion = 46;
	objects = {

/* Begin PBXBuildFile section */
		EA84ACC419D8B510004B54E5 /* main.cpp in Sources */ = {isa = PBXBuildFile; fileRef = EA84ACC319D8B510004B54E5 /* main.cpp */; };
		EAAF580E1A00283900298013 /* SecureKey.cpp in Sources */ = {isa = PBXBuildFile; fileRef = EAAF580C1A00283900298013 /* SecureKey.cpp */; };
		EAE7C6F71A06D98F0067BA6C /* Permutation.cpp in Sources */ = {isa = PBXBuildFile; fileRef = EAE7C6F51A06D98F0067BA6C /* Permutation.cpp */; };
		EAE7C6FA1A06DD530067BA6C /* ExtendedWord.cpp in Sources */ = {isa = PBXBuildFile; fileRef = EAE7C6F81A06DD530067BA6C /* ExtendedWord.cpp */; };
/* End PBXBuildFile section */

/* Begin PBXCopyFilesBuildPhase section */
		EA84ACBE19D8B510004B54E5 /* CopyFiles */ = {
			isa = PBXCopyFilesBuildPhase;
			buildActionMask = 2147483647;
			dstPath = /usr/share/man/man1/;
			dstSubfolderSpec = 0;
			files = (
			);
			runOnlyForDeploymentPostprocessing = 1;
		};
/* End PBXCopyFilesBuildPhase section */

/* Begin PBXFileReference section */
		EA84ACC019D8B510004B54E5 /* DES_3DES_Algorithms */ = {isa = PBXFileReference; explicitFileType = "compiled.mach-o.executable"; includeInIndex = 0; path = DES_3DES_Algorithms; sourceTree = BUILT_PRODUCTS_DIR; };
		EA84ACC319D8B510004B54E5 /* main.cpp */ = {isa = PBXFileReference; lastKnownFileType = sourcecode.cpp.cpp; path = main.cpp; sourceTree = "<group>"; };
		EAAF580C1A00283900298013 /* SecureKey.cpp */ = {isa = PBXFileReference; fileEncoding = 4; lastKnownFileType = sourcecode.cpp.cpp; path = SecureKey.cpp; sourceTree = "<group>"; };
		EAAF580D1A00283900298013 /* SecureKey.h */ = {isa = PBXFileReference; fileEncoding = 4; lastKnownFileType = sourcecode.c.h; path = SecureKey.h; sourceTree = "<group>"; };
		EAE7C6F51A06D98F0067BA6C /* Permutation.cpp */ = {isa = PBXFileReference; fileEncoding = 4; lastKnownFileType = sourcecode.cpp.cpp; path = Permutation.cpp; sourceTree = "<group>"; };
		EAE7C6F61A06D98F0067BA6C /* Permutation.h */ = {isa = PBXFileReference; fileEncoding = 4; lastKnownFileType = sourcecode.c.h; path = Permutation.h; sourceTree = "<group>"; };
		EAE7C6F81A06DD530067BA6C /* ExtendedWord.cpp */ = {isa = PBXFileReference; fileEncoding = 4; lastKnownFileType = sourcecode.cpp.cpp; path = ExtendedWord.cpp; sourceTree = "<group>"; };
		EAE7C6F91A06DD530067BA6C /* ExtendedWord.h */ = {isa = PBXFileReference; fileEncoding = 4; lastKnownFileType = sourcecode.c.h; path = ExtendedWord.h; sourceTree = "<group>"; };
/* End PBXFileReference section */

/* Begin PBXFrameworksBuildPhase section */
		EA84ACBD19D8B510004B54E5 /* Frameworks */ = {
			isa = PBXFrameworksBuildPhase;
			buildActionMask = 2147483647;
			files = (
			);
			runOnlyForDeploymentPostprocessing = 0;
		};
/* End PBXFrameworksBuildPhase section */

/* Begin PBXGroup section */
		EA84ACB719D8B510004B54E5 = {
			isa = PBXGroup;
			children = (
				EA84ACC219D8B510004B54E5 /* DES_3DES_Algorithms */,
				EA84ACC119D8B510004B54E5 /* Products */,
			);
			sourceTree = "<group>";
		};
		EA84ACC119D8B510004B54E5 /* Products */ = {
			isa = PBXGroup;
			children = (
				EA84ACC019D8B510004B54E5 /* DES_3DES_Algorithms */,
			);
			name = Products;
			sourceTree = "<group>";
		};
		EA84ACC219D8B510004B54E5 /* DES_3DES_Algorithms */ = {
			isa = PBXGroup;
			children = (
				EA84ACC319D8B510004B54E5 /* main.cpp */,
				EAAF580C1A00283900298013 /* SecureKey.cpp */,
				EAAF580D1A00283900298013 /* SecureKey.h */,
				EAE7C6F51A06D98F0067BA6C /* Permutation.cpp */,
				EAE7C6F61A06D98F0067BA6C /* Permutation.h */,
				EAE7C6F81A06DD530067BA6C /* ExtendedWord.cpp */,
				EAE7C6F91A06DD530067BA6C /* ExtendedWord.h */,
			);
			path = DES_3DES_Algorithms;
			sourceTree = "<group>";
		};
/* End PBXGroup section */

/* Begin PBXNativeTarget section */
		EA84ACBF19D8B510004B54E5 /* DES_3DES_Algorithms */ = {
			isa = PBXNativeTarget;
			buildConfigurationList = EA84ACC719D8B510004B54E5 /* Build configuration list for PBXNativeTarget "DES_3DES_Algorithms" */;
			buildPhases = (
				EA84ACBC19D8B510004B54E5 /* Sources */,
				EA84ACBD19D8B510004B54E5 /* Frameworks */,
				EA84ACBE19D8B510004B54E5 /* CopyFiles */,
			);
			buildRules = (
			);
			dependencies = (
			);
			name = DES_3DES_Algorithms;
			productName = DES_3DES_Algorithms;
			productReference = EA84ACC019D8B510004B54E5 /* DES_3DES_Algorithms */;
			productType = "com.apple.product-type.tool";
		};
/* End PBXNativeTarget section */

/* Begin PBXProject section */
		EA84ACB819D8B510004B54E5 /* Project object */ = {
			isa = PBXProject;
			attributes = {
				LastUpgradeCheck = 0600;
				ORGANIZATIONNAME = "Sapa Denys";
				TargetAttributes = {
					EA84ACBF19D8B510004B54E5 = {
						CreatedOnToolsVersion = 6.0.1;
					};
				};
			};
			buildConfigurationList = EA84ACBB19D8B510004B54E5 /* Build configuration list for PBXProject "DES_3DES_Algorithms" */;
			compatibilityVersion = "Xcode 3.2";
			developmentRegion = English;
			hasScannedForEncodings = 0;
			knownRegions = (
				en,
			);
			mainGroup = EA84ACB719D8B510004B54E5;
			productRefGroup = EA84ACC119D8B510004B54E5 /* Products */;
			projectDirPath = "";
			projectRoot = "";
			targets = (
				EA84ACBF19D8B510004B54E5 /* DES_3DES_Algorithms */,
			);
		};
/* End PBXProject section */

/* Begin PBXSourcesBuildPhase section */
		EA84ACBC19D8B510004B54E5 /* Sources */ = {
			isa = PBXSourcesBuildPhase;
			buildActionMask = 2147483647;
			files = (
				EAE7C6F71A06D98F0067BA6C /* Permutation.cpp in Sources */,
				EAAF580E1A00283900298013 /* SecureKey.cpp in Sources */,
				EAE7C6FA1A06DD530067BA6C /* ExtendedWord.cpp in Sources */,
				EA84ACC419D8B510004B54E5 /* main.cpp in Sources */,
			);
			runOnlyForDeploymentPostprocessing = 0;
		};
/* End PBXSourcesBuildPhase section */

/* Begin XCBuildConfiguration section */
		EA84ACC519D8B510004B54E5 /* Debug */ = {
			isa = XCBuildConfiguration;
			buildSettings = {
				ALWAYS_SEARCH_USER_PATHS = NO;
				CLANG_CXX_LANGUAGE_STANDARD = "gnu++0x";
				CLANG_CXX_LIBRARY = "libc++";
				CLANG_ENABLE_MODULES = YES;
				CLANG_ENABLE_OBJC_ARC = YES;
				CLANG_WARN_BOOL_CONVERSION = YES;
				CLANG_WARN_CONSTANT_CONVERSION = YES;
				CLANG_WARN_DIRECT_OBJC_ISA_USAGE = YES_ERROR;
				CLANG_WARN_EMPTY_BODY = YES;
				CLANG_WARN_ENUM_CONVERSION = YES;
				CLANG_WARN_INT_CONVERSION = YES;
				CLANG_WARN_OBJC_ROOT_CLASS = YES_ERROR;
				CLANG_WARN_UNREACHABLE_CODE = YES;
				CLANG_WARN__DUPLICATE_METHOD_MATCH = YES;
				COPY_PHASE_STRIP = NO;
				ENABLE_STRICT_OBJC_MSGSEND = YES;
				GCC_C_LANGUAGE_STANDARD = gnu99;
				GCC_DYNAMIC_NO_PIC = NO;
				GCC_OPTIMIZATION_LEVEL = 0;
				GCC_PREPROCESSOR_DEFINITIONS = (
					"DEBUG=1",
					"$(inherited)",
				);
				GCC_SYMBOLS_PRIVATE_EXTERN = NO;
				GCC_WARN_64_TO_32_BIT_CONVERSION = YES;
				GCC_WARN_ABOUT_RETURN_TYPE = YES_ERROR;
				GCC_WARN_UNDECLARED_SELECTOR = YES;
				GCC_WARN_UNINITIALIZED_AUTOS = YES_AGGRESSIVE;
				GCC_WARN_UNUSED_FUNCTION = YES;
				GCC_WARN_UNUSED_VARIABLE = YES;
				MACOSX_DEPLOYMENT_TARGET = 10.9;
				MTL_ENABLE_DEBUG_INFO = YES;
				ONLY_ACTIVE_ARCH = YES;
				SDKROOT = macosx;
			};
			name = Debug;
		};
		EA84ACC619D8B510004B54E5 /* Release */ = {
			isa = XCBuildConfiguration;
			buildSettings = {
				ALWAYS_SEARCH_USER_PATHS = NO;
				CLANG_CXX_LANGUAGE_STANDARD = "gnu++0x";
				CLANG_CXX_LIBRARY = "libc++";
				CLANG_ENABLE_MODULES = YES;
				CLANG_ENABLE_OBJC_ARC = YES;
				CLANG_WARN_BOOL_CONVERSION = YES;
				CLANG_WARN_CONSTANT_CONVERSION = YES;
				CLANG_WARN_DIRECT_OBJC_ISA_USAGE = YES_ERROR;
				CLANG_WARN_EMPTY_BODY = YES;
				CLANG_WARN_ENUM_CONVERSION = YES;
				CLANG_WARN_INT_CONVERSION = YES;
				CLANG_WARN_OBJC_ROOT_CLASS = YES_ERROR;
				CLANG_WARN_UNREACHABLE_CODE = YES;
				CLANG_WARN__DUPLICATE_METHOD_MATCH = YES;
				COPY_PHASE_STRIP = YES;
				DEBUG_INFORMATION_FORMAT = "dwarf-with-dsym";
				ENABLE_NS_ASSERTIONS = NO;
				ENABLE_STRICT_OBJC_MSGSEND = YES;
				GCC_C_LANGUAGE_STANDARD = gnu99;
				GCC_WARN_64_TO_32_BIT_CONVERSION = YES;
				GCC_WARN_ABOUT_RETURN_TYPE = YES_ERROR;
				GCC_WARN_UNDECLARED_SELECTOR = YES;
				GCC_WARN_UNINITIALIZED_AUTOS = YES_AGGRESSIVE;
				GCC_WARN_UNUSED_FUNCTION = YES;
				GCC_WARN_UNUSED_VARIABLE = YES;
				MACOSX_DEPLOYMENT_TARGET = 10.9;
				MTL_ENABLE_DEBUG_INFO = NO;
				SDKROOT = macosx;
			};
			name = Release;
		};
		EA84ACC819D8B510004B54E5 /* Debug */ = {
			isa = XCBuildConfiguration;
			buildSettings = {
				PRODUCT_NAME = "$(TARGET_NAME)";
			};
			name = Debug;
		};
		EA84ACC919D8B510004B54E5 /* Release */ = {
			isa = XCBuildConfiguration;
			buildSettings = {
				PRODUCT_NAME = "$(TARGET_NAME)";
			};
			name = Release;
		};
/* End XCBuildConfiguration section */

/* Begin XCConfigurationList section */
		EA84ACBB19D8B510004B54E5 /* Build configuration list for PBXProject "DES_3DES_Algorithms" */ = {
			isa = XCConfigurationList;
			buildConfigurations = (
				EA84ACC519D8B510004B54E5 /* Debug */,
				EA84ACC619D8B510004B54E5 /* Release */,
			);
			defaultConfigurationIsVisible = 0;
			defaultConfigurationName = Release;
		};
		EA84ACC719D8B510004B54E5 /* Build configuration list for PBXNativeTarget "DES_3DES_Algorithms" */ = {
			isa = XCConfigurationList;
			buildConfigurations = (
				EA84ACC819D8B510004B54E5 /* Debug */,
				EA84ACC919D8B510004B54E5 /* Release */,
			);
			defaultConfigurationIsVisible = 0;
			defaultConfigurationName = Release;
		};
/* End XCConfigurationList section */
	};
	rootObject = EA84ACB819D8B510004B54E5 /* Project object */;
}
